
Microsoft Visual Studio Solution File, Format Version 12.00
# Visual Studio 15
VisualStudioVersion = 15.0.26403.7
MinimumVisualStudioVersion = 10.0.40219.1
Project("{2150E333-8FDC-42A3-9474-1A3956D46DE8}") = "Engine", "Engine", "{C0EA2026-B5DD-4B0E-8937-AAEE6D46D020}"
EndProject
Project("{2150E333-8FDC-42A3-9474-1A3956D46DE8}") = "Games", "Games", "{5C8A8626-6A04-4620-8D99-19E8ECD815E3}"
EndProject
Project("{8BC9CEB8-8B4A-11D0-8D11-00A0C91BC942}") = "UE4", "Intermediate\ProjectFiles\UE4.vcxproj", "{52A21218-4A80-4027-88FD-2F439A3500DC}"
EndProject
Project("{8BC9CEB8-8B4A-11D0-8D11-00A0C91BC942}") = "BattleTank", "Intermediate\ProjectFiles\BattleTank.vcxproj", "{858DBEEA-664F-4970-8CA3-624548F84C2B}"
EndProject
Global
	GlobalSection(SolutionConfigurationPlatforms) = preSolution
		DebugGame Editor|HTML5 = DebugGame Editor|HTML5
		DebugGame Editor|Win32 = DebugGame Editor|Win32
		DebugGame Editor|Win64 = DebugGame Editor|Win64
		DebugGame|HTML5 = DebugGame|HTML5
		DebugGame|Win32 = DebugGame|Win32
		DebugGame|Win64 = DebugGame|Win64
		Development Editor|HTML5 = Development Editor|HTML5
		Development Editor|Win32 = Development Editor|Win32
		Development Editor|Win64 = Development Editor|Win64
		Development|HTML5 = Development|HTML5
		Development|Win32 = Development|Win32
		Development|Win64 = Development|Win64
		Shipping|HTML5 = Shipping|HTML5
		Shipping|Win32 = Shipping|Win32
		Shipping|Win64 = Shipping|Win64
	EndGlobalSection
	GlobalSection(ProjectConfigurationPlatforms) = postSolution
		{52A21218-4A80-4027-88FD-2F439A3500DC}.DebugGame Editor|HTML5.ActiveCfg = BuiltWithUnrealBuildTool|Win32
		{52A21218-4A80-4027-88FD-2F439A3500DC}.DebugGame Editor|HTML5.Build.0 = BuiltWithUnrealBuildTool|Win32
		{52A21218-4A80-4027-88FD-2F439A3500DC}.DebugGame Editor|Win32.ActiveCfg = BuiltWithUnrealBuildTool|Win32
		{52A21218-4A80-4027-88FD-2F439A3500DC}.DebugGame Editor|Win32.Build.0 = BuiltWithUnrealBuildTool|Win32
		{52A21218-4A80-4027-88FD-2F439A3500DC}.DebugGame Editor|Win64.ActiveCfg = BuiltWithUnrealBuildTool|Win32
		{52A21218-4A80-4027-88FD-2F439A3500DC}.DebugGame Editor|Win64.Build.0 = BuiltWithUnrealBuildTool|Win32
		{52A21218-4A80-4027-88FD-2F439A3500DC}.DebugGame|HTML5.ActiveCfg = BuiltWithUnrealBuildTool|Win32
		{52A21218-4A80-4027-88FD-2F439A3500DC}.DebugGame|HTML5.Build.0 = BuiltWithUnrealBuildTool|Win32
		{52A21218-4A80-4027-88FD-2F439A3500DC}.DebugGame|Win32.ActiveCfg = BuiltWithUnrealBuildTool|Win32
		{52A21218-4A80-4027-88FD-2F439A3500DC}.DebugGame|Win32.Build.0 = BuiltWithUnrealBuildTool|Win32
		{52A21218-4A80-4027-88FD-2F439A3500DC}.DebugGame|Win64.ActiveCfg = BuiltWithUnrealBuildTool|Win32
		{52A21218-4A80-4027-88FD-2F439A3500DC}.DebugGame|Win64.Build.0 = BuiltWithUnrealBuildTool|Win32
		{52A21218-4A80-4027-88FD-2F439A3500DC}.Development Editor|HTML5.ActiveCfg = BuiltWithUnrealBuildTool|Win32
		{52A21218-4A80-4027-88FD-2F439A3500DC}.Development Editor|HTML5.Build.0 = BuiltWithUnrealBuildTool|Win32
		{52A21218-4A80-4027-88FD-2F439A3500DC}.Development Editor|Win32.ActiveCfg = BuiltWithUnrealBuildTool|Win32
		{52A21218-4A80-4027-88FD-2F439A3500DC}.Development Editor|Win32.Build.0 = BuiltWithUnrealBuildTool|Win32
		{52A21218-4A80-4027-88FD-2F439A3500DC}.Development Editor|Win64.ActiveCfg = BuiltWithUnrealBuildTool|Win32
		{52A21218-4A80-4027-88FD-2F439A3500DC}.Development Editor|Win64.Build.0 = BuiltWithUnrealBuildTool|Win32
		{52A21218-4A80-4027-88FD-2F439A3500DC}.Development|HTML5.ActiveCfg = BuiltWithUnrealBuildTool|Win32
		{52A21218-4A80-4027-88FD-2F439A3500DC}.Development|HTML5.Build.0 = BuiltWithUnrealBuildTool|Win32
		{52A21218-4A80-4027-88FD-2F439A3500DC}.Development|Win32.ActiveCfg = BuiltWithUnrealBuildTool|Win32
		{52A21218-4A80-4027-88FD-2F439A3500DC}.Development|Win32.Build.0 = BuiltWithUnrealBuildTool|Win32
		{52A21218-4A80-4027-88FD-2F439A3500DC}.Development|Win64.ActiveCfg = BuiltWithUnrealBuildTool|Win32
		{52A21218-4A80-4027-88FD-2F439A3500DC}.Development|Win64.Build.0 = BuiltWithUnrealBuildTool|Win32
		{52A21218-4A80-4027-88FD-2F439A3500DC}.Shipping|HTML5.ActiveCfg = BuiltWithUnrealBuildTool|Win32
		{52A21218-4A80-4027-88FD-2F439A3500DC}.Shipping|HTML5.Build.0 = BuiltWithUnrealBuildTool|Win32
		{52A21218-4A80-4027-88FD-2F439A3500DC}.Shipping|Win32.ActiveCfg = BuiltWithUnrealBuildTool|Win32
		{52A21218-4A80-4027-88FD-2F439A3500DC}.Shipping|Win32.Build.0 = BuiltWithUnrealBuildTool|Win32
		{52A21218-4A80-4027-88FD-2F439A3500DC}.Shipping|Win64.ActiveCfg = BuiltWithUnrealBuildTool|Win32
		{52A21218-4A80-4027-88FD-2F439A3500DC}.Shipping|Win64.Build.0 = BuiltWithUnrealBuildTool|Win32
		{858DBEEA-664F-4970-8CA3-624548F84C2B}.DebugGame Editor|HTML5.ActiveCfg = HTML5_DebugGame_Editor|Win32
		{858DBEEA-664F-4970-8CA3-624548F84C2B}.DebugGame Editor|Win32.ActiveCfg = DebugGame_Editor|Win32
		{858DBEEA-664F-4970-8CA3-624548F84C2B}.DebugGame Editor|Win64.ActiveCfg = DebugGame_Editor|x64
		{858DBEEA-664F-4970-8CA3-624548F84C2B}.DebugGame Editor|Win64.Build.0 = DebugGame_Editor|x64
		{858DBEEA-664F-4970-8CA3-624548F84C2B}.DebugGame|HTML5.ActiveCfg = HTML5_DebugGame_Game|Win32
		{858DBEEA-664F-4970-8CA3-624548F84C2B}.DebugGame|HTML5.Build.0 = HTML5_DebugGame_Game|Win32
		{858DBEEA-664F-4970-8CA3-624548F84C2B}.DebugGame|Win32.ActiveCfg = DebugGame_Game|Win32
		{858DBEEA-664F-4970-8CA3-624548F84C2B}.DebugGame|Win32.Build.0 = DebugGame_Game|Win32
		{858DBEEA-664F-4970-8CA3-624548F84C2B}.DebugGame|Win64.ActiveCfg = DebugGame_Game|x64
		{858DBEEA-664F-4970-8CA3-624548F84C2B}.DebugGame|Win64.Build.0 = DebugGame_Game|x64
		{858DBEEA-664F-4970-8CA3-624548F84C2B}.Development Editor|HTML5.ActiveCfg = HTML5_Development_Editor|Win32
		{858DBEEA-664F-4970-8CA3-624548F84C2B}.Development Editor|Win32.ActiveCfg = Development_Editor|Win32
		{858DBEEA-664F-4970-8CA3-624548F84C2B}.Development Editor|Win64.ActiveCfg = Development_Editor|x64
		{858DBEEA-664F-4970-8CA3-624548F84C2B}.Development Editor|Win64.Build.0 = Development_Editor|x64
		{858DBEEA-664F-4970-8CA3-624548F84C2B}.Development|HTML5.ActiveCfg = HTML5_Development_Game|Win32
		{858DBEEA-664F-4970-8CA3-624548F84C2B}.Development|HTML5.Build.0 = HTML5_Development_Game|Win32
		{858DBEEA-664F-4970-8CA3-624548F84C2B}.Development|Win32.ActiveCfg = Development_Game|Win32
		{858DBEEA-664F-4970-8CA3-624548F84C2B}.Development|Win32.Build.0 = Development_Game|Win32
		{858DBEEA-664F-4970-8CA3-624548F84C2B}.Development|Win64.ActiveCfg = Development_Game|x64
		{858DBEEA-664F-4970-8CA3-624548F84C2B}.Development|Win64.Build.0 = Development_Game|x64
		{858DBEEA-664F-4970-8CA3-624548F84C2B}.Shipping|HTML5.ActiveCfg = HTML5_Shipping_Game|Win32
		{858DBEEA-664F-4970-8CA3-624548F84C2B}.Shipping|HTML5.Build.0 = HTML5_Shipping_Game|Win32
		{858DBEEA-664F-4970-8CA3-624548F84C2B}.Shipping|Win32.ActiveCfg = Shipping_Game|Win32
		{858DBEEA-664F-4970-8CA3-624548F84C2B}.Shipping|Win32.Build.0 = Shipping_Game|Win32
		{858DBEEA-664F-4970-8CA3-624548F84C2B}.Shipping|Win64.ActiveCfg = Shipping_Game|x64
		{858DBEEA-664F-4970-8CA3-624548F84C2B}.Shipping|Win64.Build.0 = Shipping_Game|x64
	EndGlobalSection
	GlobalSection(SolutionProperties) = preSolution
		HideSolutionNode = FALSE
	EndGlobalSection
	GlobalSection(NestedProjects) = preSolution
		{52A21218-4A80-4027-88FD-2F439A3500DC} = {C0EA2026-B5DD-4B0E-8937-AAEE6D46D020}
		{858DBEEA-664F-4970-8CA3-624548F84C2B} = {5C8A8626-6A04-4620-8D99-19E8ECD815E3}
	EndGlobalSection
EndGlobal
